// !$*UTF8*$!
{
	archiveVersion = 1;
	classes = {
	};
	objectVersion = 55;
	objects = {

/* Begin PBXBuildFile section */
		1A8B74852847DD7C0094FD40 /* RequestEncodingProtocol.swift in Sources */ = {isa = PBXBuildFile; fileRef = 1A8B74842847DD7C0094FD40 /* RequestEncodingProtocol.swift */; };
		1A8B74882847DE0E0094FD40 /* RequestEncoder.swift in Sources */ = {isa = PBXBuildFile; fileRef = 1A8B74872847DE0E0094FD40 /* RequestEncoder.swift */; };
		1A8B748A2847DF480094FD40 /* RequestType.swift in Sources */ = {isa = PBXBuildFile; fileRef = 1A8B74892847DF480094FD40 /* RequestType.swift */; };
		1A8B7490284908770094FD40 /* CryptoDetailViewModel.swift in Sources */ = {isa = PBXBuildFile; fileRef = 1A8B748F284908770094FD40 /* CryptoDetailViewModel.swift */; };
		1A8B7492284908900094FD40 /* CryptoDetailVC.swift in Sources */ = {isa = PBXBuildFile; fileRef = 1A8B7491284908900094FD40 /* CryptoDetailVC.swift */; };
		1A8B7494284908A40094FD40 /* CryptoDetails.storyboard in Resources */ = {isa = PBXBuildFile; fileRef = 1A8B7493284908A40094FD40 /* CryptoDetails.storyboard */; };
		1A8B749728490FFC0094FD40 /* CryptoDetailsVCTests.swift in Sources */ = {isa = PBXBuildFile; fileRef = 1A8B749628490FFC0094FD40 /* CryptoDetailsVCTests.swift */; };
		1A8B749A284915BA0094FD40 /* DetailsNavigationCoordinator.swift in Sources */ = {isa = PBXBuildFile; fileRef = 1A8B7499284915BA0094FD40 /* DetailsNavigationCoordinator.swift */; };
		1A8B749C28493A3F0094FD40 /* UITestingConstants.swift in Sources */ = {isa = PBXBuildFile; fileRef = 1A8B749B28493A3F0094FD40 /* UITestingConstants.swift */; };
		1A8B749D28493EE30094FD40 /* UITestingConstants.swift in Sources */ = {isa = PBXBuildFile; fileRef = 1A8B749B28493A3F0094FD40 /* UITestingConstants.swift */; };
		1A8B74A1284C93080094FD40 /* CurrencyListDetailsItemTVCell.swift in Sources */ = {isa = PBXBuildFile; fileRef = 1A8B74A0284C93080094FD40 /* CurrencyListDetailsItemTVCell.swift */; };
		1A8B74A6284CC1C10094FD40 /* AppConstants.swift in Sources */ = {isa = PBXBuildFile; fileRef = 1A8B74A5284CC1C10094FD40 /* AppConstants.swift */; };
		1A8B74A9284CE2D90094FD40 /* CurrencyDetailsItem.swift in Sources */ = {isa = PBXBuildFile; fileRef = 1A8B74A8284CE2D90094FD40 /* CurrencyDetailsItem.swift */; };
		1A8B74AC284CE90C0094FD40 /* CryptoDetails.swift in Sources */ = {isa = PBXBuildFile; fileRef = 1A8B74AB284CE90C0094FD40 /* CryptoDetails.swift */; };
		1A8B74AE284CE9290094FD40 /* CryptoDetailViewModelProtocol.swift in Sources */ = {isa = PBXBuildFile; fileRef = 1A8B74AD284CE9290094FD40 /* CryptoDetailViewModelProtocol.swift */; };
		1A8B74B0284CEB250094FD40 /* HomeViewModelProtocol.swift in Sources */ = {isa = PBXBuildFile; fileRef = 1A8B74AF284CEB250094FD40 /* HomeViewModelProtocol.swift */; };
		1A8B74B2284CECAE0094FD40 /* CurrencyHistorySorting.swift in Sources */ = {isa = PBXBuildFile; fileRef = 1A8B74B1284CECAE0094FD40 /* CurrencyHistorySorting.swift */; };
		1ABBC9EE28465EEC0026EFA9 /* HomeNetworkService.swift in Sources */ = {isa = PBXBuildFile; fileRef = 1ABBC9ED28465EEC0026EFA9 /* HomeNetworkService.swift */; };
		1ABBC9F02846617D0026EFA9 /* HomeViewModel.swift in Sources */ = {isa = PBXBuildFile; fileRef = 1ABBC9EF2846617D0026EFA9 /* HomeViewModel.swift */; };
		1ABBC9F2284663170026EFA9 /* DigitalCurrencyMetadata.swift in Sources */ = {isa = PBXBuildFile; fileRef = 1ABBC9F1284663170026EFA9 /* DigitalCurrencyMetadata.swift */; };
		1ABBC9F428466C290026EFA9 /* HomeCurrencyListTVCell.swift in Sources */ = {isa = PBXBuildFile; fileRef = 1ABBC9F328466C290026EFA9 /* HomeCurrencyListTVCell.swift */; };
		1ABBC9F528469C720026EFA9 /* MockNetworkManager.swift in Sources */ = {isa = PBXBuildFile; fileRef = 1ACE59F72845376400A102C1 /* MockNetworkManager.swift */; };
		1ABBC9F628469C770026EFA9 /* MockURLProtocol.swift in Sources */ = {isa = PBXBuildFile; fileRef = 1ACE59F82845376400A102C1 /* MockURLProtocol.swift */; };
		1ABBC9F728469C810026EFA9 /* digitalCurrency_eth_usd.json in Resources */ = {isa = PBXBuildFile; fileRef = 1ACE5A0E284557C500A102C1 /* digitalCurrency_eth_usd.json */; };
		1ABBC9F828469C980026EFA9 /* UnitTestUtils.swift in Sources */ = {isa = PBXBuildFile; fileRef = 1ACE5A0C2845566000A102C1 /* UnitTestUtils.swift */; };
		1ACE59B12844B20900A102C1 /* AppDelegate.swift in Sources */ = {isa = PBXBuildFile; fileRef = 1ACE59B02844B20900A102C1 /* AppDelegate.swift */; };
		1ACE59B32844B20900A102C1 /* SceneDelegate.swift in Sources */ = {isa = PBXBuildFile; fileRef = 1ACE59B22844B20900A102C1 /* SceneDelegate.swift */; };
		1ACE59B52844B20900A102C1 /* HomeViewController.swift in Sources */ = {isa = PBXBuildFile; fileRef = 1ACE59B42844B20900A102C1 /* HomeViewController.swift */; };
		1ACE59B82844B20900A102C1 /* Home.storyboard in Resources */ = {isa = PBXBuildFile; fileRef = 1ACE59B62844B20900A102C1 /* Home.storyboard */; };
		1ACE59BA2844B20C00A102C1 /* Assets.xcassets in Resources */ = {isa = PBXBuildFile; fileRef = 1ACE59B92844B20C00A102C1 /* Assets.xcassets */; };
		1ACE59BD2844B20C00A102C1 /* LaunchScreen.storyboard in Resources */ = {isa = PBXBuildFile; fileRef = 1ACE59BB2844B20C00A102C1 /* LaunchScreen.storyboard */; };
		1ACE59C82844B20C00A102C1 /* HomeViewModelTests.swift in Sources */ = {isa = PBXBuildFile; fileRef = 1ACE59C72844B20C00A102C1 /* HomeViewModelTests.swift */; };
		1ACE59D22844B20C00A102C1 /* HiUITests.swift in Sources */ = {isa = PBXBuildFile; fileRef = 1ACE59D12844B20C00A102C1 /* HiUITests.swift */; };
		1ACE59E328452BCE00A102C1 /* NetworkManagerProtocol.swift in Sources */ = {isa = PBXBuildFile; fileRef = 1ACE59E228452BCE00A102C1 /* NetworkManagerProtocol.swift */; };
		1ACE59E528452BDD00A102C1 /* NetworkManager.swift in Sources */ = {isa = PBXBuildFile; fileRef = 1ACE59E428452BDD00A102C1 /* NetworkManager.swift */; };
		1ACE59E828452C5100A102C1 /* Endpoint.swift in Sources */ = {isa = PBXBuildFile; fileRef = 1ACE59E728452C5100A102C1 /* Endpoint.swift */; };
		1ACE59EA28452C8200A102C1 /* HttpMethod.swift in Sources */ = {isa = PBXBuildFile; fileRef = 1ACE59E928452C8200A102C1 /* HttpMethod.swift */; };
		1ACE59EC28452CBB00A102C1 /* HiEndpoint.swift in Sources */ = {isa = PBXBuildFile; fileRef = 1ACE59EB28452CBB00A102C1 /* HiEndpoint.swift */; };
		1ACE59EE284530C200A102C1 /* NetworkLogger.swift in Sources */ = {isa = PBXBuildFile; fileRef = 1ACE59ED284530C200A102C1 /* NetworkLogger.swift */; };
		1ACE59F0284530D100A102C1 /* NetworkError.swift in Sources */ = {isa = PBXBuildFile; fileRef = 1ACE59EF284530D100A102C1 /* NetworkError.swift */; };
		1ACE59F52845315000A102C1 /* NetworkLoggerProtocol.swift in Sources */ = {isa = PBXBuildFile; fileRef = 1ACE59F42845315000A102C1 /* NetworkLoggerProtocol.swift */; };
		1ACE59F92845376400A102C1 /* MockNetworkManager.swift in Sources */ = {isa = PBXBuildFile; fileRef = 1ACE59F72845376400A102C1 /* MockNetworkManager.swift */; };
		1ACE59FA2845376400A102C1 /* MockURLProtocol.swift in Sources */ = {isa = PBXBuildFile; fileRef = 1ACE59F82845376400A102C1 /* MockURLProtocol.swift */; };
		1ACE59FF28454EF400A102C1 /* Observable.swift in Sources */ = {isa = PBXBuildFile; fileRef = 1ACE59FE28454EF400A102C1 /* Observable.swift */; };
		1ACE5A0328454F5E00A102C1 /* DotsLoadingIndicator.swift in Sources */ = {isa = PBXBuildFile; fileRef = 1ACE5A0128454F5E00A102C1 /* DotsLoadingIndicator.swift */; };
		1ACE5A0428454F5E00A102C1 /* LoadingIndicatorProtocol.swift in Sources */ = {isa = PBXBuildFile; fileRef = 1ACE5A0228454F5E00A102C1 /* LoadingIndicatorProtocol.swift */; };
		1ACE5A0D2845566000A102C1 /* UnitTestUtils.swift in Sources */ = {isa = PBXBuildFile; fileRef = 1ACE5A0C2845566000A102C1 /* UnitTestUtils.swift */; };
		1ACE5A0F284557C500A102C1 /* digitalCurrency_eth_usd.json in Resources */ = {isa = PBXBuildFile; fileRef = 1ACE5A0E284557C500A102C1 /* digitalCurrency_eth_usd.json */; };
/* End PBXBuildFile section */

/* Begin PBXContainerItemProxy section */
		1ACE59C42844B20C00A102C1 /* PBXContainerItemProxy */ = {
			isa = PBXContainerItemProxy;
			containerPortal = 1ACE59A52844B20900A102C1 /* Project object */;
			proxyType = 1;
			remoteGlobalIDString = 1ACE59AC2844B20900A102C1;
			remoteInfo = Hi;
		};
		1ACE59CE2844B20C00A102C1 /* PBXContainerItemProxy */ = {
			isa = PBXContainerItemProxy;
			containerPortal = 1ACE59A52844B20900A102C1 /* Project object */;
			proxyType = 1;
			remoteGlobalIDString = 1ACE59AC2844B20900A102C1;
			remoteInfo = Hi;
		};
/* End PBXContainerItemProxy section */

/* Begin PBXFileReference section */
		1A8B74842847DD7C0094FD40 /* RequestEncodingProtocol.swift */ = {isa = PBXFileReference; lastKnownFileType = sourcecode.swift; path = RequestEncodingProtocol.swift; sourceTree = "<group>"; };
		1A8B74872847DE0E0094FD40 /* RequestEncoder.swift */ = {isa = PBXFileReference; lastKnownFileType = sourcecode.swift; path = RequestEncoder.swift; sourceTree = "<group>"; };
		1A8B74892847DF480094FD40 /* RequestType.swift */ = {isa = PBXFileReference; lastKnownFileType = sourcecode.swift; path = RequestType.swift; sourceTree = "<group>"; };
		1A8B748F284908770094FD40 /* CryptoDetailViewModel.swift */ = {isa = PBXFileReference; lastKnownFileType = sourcecode.swift; path = CryptoDetailViewModel.swift; sourceTree = "<group>"; };
		1A8B7491284908900094FD40 /* CryptoDetailVC.swift */ = {isa = PBXFileReference; lastKnownFileType = sourcecode.swift; path = CryptoDetailVC.swift; sourceTree = "<group>"; };
		1A8B7493284908A40094FD40 /* CryptoDetails.storyboard */ = {isa = PBXFileReference; lastKnownFileType = file.storyboard; path = CryptoDetails.storyboard; sourceTree = "<group>"; };
		1A8B749628490FFC0094FD40 /* CryptoDetailsVCTests.swift */ = {isa = PBXFileReference; lastKnownFileType = sourcecode.swift; path = CryptoDetailsVCTests.swift; sourceTree = "<group>"; };
		1A8B7499284915BA0094FD40 /* DetailsNavigationCoordinator.swift */ = {isa = PBXFileReference; lastKnownFileType = sourcecode.swift; path = DetailsNavigationCoordinator.swift; sourceTree = "<group>"; };
		1A8B749B28493A3F0094FD40 /* UITestingConstants.swift */ = {isa = PBXFileReference; lastKnownFileType = sourcecode.swift; path = UITestingConstants.swift; sourceTree = "<group>"; };
		1A8B74A0284C93080094FD40 /* CurrencyListDetailsItemTVCell.swift */ = {isa = PBXFileReference; lastKnownFileType = sourcecode.swift; path = CurrencyListDetailsItemTVCell.swift; sourceTree = "<group>"; };
		1A8B74A5284CC1C10094FD40 /* AppConstants.swift */ = {isa = PBXFileReference; lastKnownFileType = sourcecode.swift; path = AppConstants.swift; sourceTree = "<group>"; };
		1A8B74A8284CE2D90094FD40 /* CurrencyDetailsItem.swift */ = {isa = PBXFileReference; lastKnownFileType = sourcecode.swift; path = CurrencyDetailsItem.swift; sourceTree = "<group>"; };
		1A8B74AB284CE90C0094FD40 /* CryptoDetails.swift */ = {isa = PBXFileReference; lastKnownFileType = sourcecode.swift; path = CryptoDetails.swift; sourceTree = "<group>"; };
		1A8B74AD284CE9290094FD40 /* CryptoDetailViewModelProtocol.swift */ = {isa = PBXFileReference; lastKnownFileType = sourcecode.swift; path = CryptoDetailViewModelProtocol.swift; sourceTree = "<group>"; };
		1A8B74AF284CEB250094FD40 /* HomeViewModelProtocol.swift */ = {isa = PBXFileReference; lastKnownFileType = sourcecode.swift; path = HomeViewModelProtocol.swift; sourceTree = "<group>"; };
		1A8B74B1284CECAE0094FD40 /* CurrencyHistorySorting.swift */ = {isa = PBXFileReference; lastKnownFileType = sourcecode.swift; path = CurrencyHistorySorting.swift; sourceTree = "<group>"; };
		1ABBC9ED28465EEC0026EFA9 /* HomeNetworkService.swift */ = {isa = PBXFileReference; lastKnownFileType = sourcecode.swift; path = HomeNetworkService.swift; sourceTree = "<group>"; };
		1ABBC9EF2846617D0026EFA9 /* HomeViewModel.swift */ = {isa = PBXFileReference; lastKnownFileType = sourcecode.swift; path = HomeViewModel.swift; sourceTree = "<group>"; };
		1ABBC9F1284663170026EFA9 /* DigitalCurrencyMetadata.swift */ = {isa = PBXFileReference; lastKnownFileType = sourcecode.swift; path = DigitalCurrencyMetadata.swift; sourceTree = "<group>"; };
		1ABBC9F328466C290026EFA9 /* HomeCurrencyListTVCell.swift */ = {isa = PBXFileReference; lastKnownFileType = sourcecode.swift; path = HomeCurrencyListTVCell.swift; sourceTree = "<group>"; };
		1ACE59AD2844B20900A102C1 /* Hi.app */ = {isa = PBXFileReference; explicitFileType = wrapper.application; includeInIndex = 0; path = Hi.app; sourceTree = BUILT_PRODUCTS_DIR; };
		1ACE59B02844B20900A102C1 /* AppDelegate.swift */ = {isa = PBXFileReference; lastKnownFileType = sourcecode.swift; path = AppDelegate.swift; sourceTree = "<group>"; };
		1ACE59B22844B20900A102C1 /* SceneDelegate.swift */ = {isa = PBXFileReference; lastKnownFileType = sourcecode.swift; path = SceneDelegate.swift; sourceTree = "<group>"; };
		1ACE59B42844B20900A102C1 /* HomeViewController.swift */ = {isa = PBXFileReference; lastKnownFileType = sourcecode.swift; path = HomeViewController.swift; sourceTree = "<group>"; };
		1ACE59B72844B20900A102C1 /* Base */ = {isa = PBXFileReference; lastKnownFileType = file.storyboard; name = Base; path = Base.lproj/Home.storyboard; sourceTree = "<group>"; };
		1ACE59B92844B20C00A102C1 /* Assets.xcassets */ = {isa = PBXFileReference; lastKnownFileType = folder.assetcatalog; path = Assets.xcassets; sourceTree = "<group>"; };
		1ACE59BC2844B20C00A102C1 /* Base */ = {isa = PBXFileReference; lastKnownFileType = file.storyboard; name = Base; path = Base.lproj/LaunchScreen.storyboard; sourceTree = "<group>"; };
		1ACE59BE2844B20C00A102C1 /* Info.plist */ = {isa = PBXFileReference; lastKnownFileType = text.plist.xml; path = Info.plist; sourceTree = "<group>"; };
		1ACE59C32844B20C00A102C1 /* HiTests.xctest */ = {isa = PBXFileReference; explicitFileType = wrapper.cfbundle; includeInIndex = 0; path = HiTests.xctest; sourceTree = BUILT_PRODUCTS_DIR; };
		1ACE59C72844B20C00A102C1 /* HomeViewModelTests.swift */ = {isa = PBXFileReference; lastKnownFileType = sourcecode.swift; path = HomeViewModelTests.swift; sourceTree = "<group>"; };
		1ACE59CD2844B20C00A102C1 /* HiUITests.xctest */ = {isa = PBXFileReference; explicitFileType = wrapper.cfbundle; includeInIndex = 0; path = HiUITests.xctest; sourceTree = BUILT_PRODUCTS_DIR; };
		1ACE59D12844B20C00A102C1 /* HiUITests.swift */ = {isa = PBXFileReference; lastKnownFileType = sourcecode.swift; path = HiUITests.swift; sourceTree = "<group>"; };
		1ACE59E228452BCE00A102C1 /* NetworkManagerProtocol.swift */ = {isa = PBXFileReference; lastKnownFileType = sourcecode.swift; path = NetworkManagerProtocol.swift; sourceTree = "<group>"; };
		1ACE59E428452BDD00A102C1 /* NetworkManager.swift */ = {isa = PBXFileReference; lastKnownFileType = sourcecode.swift; path = NetworkManager.swift; sourceTree = "<group>"; };
		1ACE59E728452C5100A102C1 /* Endpoint.swift */ = {isa = PBXFileReference; lastKnownFileType = sourcecode.swift; path = Endpoint.swift; sourceTree = "<group>"; };
		1ACE59E928452C8200A102C1 /* HttpMethod.swift */ = {isa = PBXFileReference; fileEncoding = 4; lastKnownFileType = sourcecode.swift; path = HttpMethod.swift; sourceTree = "<group>"; };
		1ACE59EB28452CBB00A102C1 /* HiEndpoint.swift */ = {isa = PBXFileReference; lastKnownFileType = sourcecode.swift; path = HiEndpoint.swift; sourceTree = "<group>"; };
		1ACE59ED284530C200A102C1 /* NetworkLogger.swift */ = {isa = PBXFileReference; lastKnownFileType = sourcecode.swift; path = NetworkLogger.swift; sourceTree = "<group>"; };
		1ACE59EF284530D100A102C1 /* NetworkError.swift */ = {isa = PBXFileReference; lastKnownFileType = sourcecode.swift; path = NetworkError.swift; sourceTree = "<group>"; };
		1ACE59F42845315000A102C1 /* NetworkLoggerProtocol.swift */ = {isa = PBXFileReference; lastKnownFileType = sourcecode.swift; path = NetworkLoggerProtocol.swift; sourceTree = "<group>"; };
		1ACE59F72845376400A102C1 /* MockNetworkManager.swift */ = {isa = PBXFileReference; fileEncoding = 4; lastKnownFileType = sourcecode.swift; path = MockNetworkManager.swift; sourceTree = "<group>"; };
		1ACE59F82845376400A102C1 /* MockURLProtocol.swift */ = {isa = PBXFileReference; fileEncoding = 4; lastKnownFileType = sourcecode.swift; path = MockURLProtocol.swift; sourceTree = "<group>"; };
		1ACE59FE28454EF400A102C1 /* Observable.swift */ = {isa = PBXFileReference; fileEncoding = 4; lastKnownFileType = sourcecode.swift; path = Observable.swift; sourceTree = "<group>"; };
		1ACE5A0128454F5E00A102C1 /* DotsLoadingIndicator.swift */ = {isa = PBXFileReference; fileEncoding = 4; lastKnownFileType = sourcecode.swift; path = DotsLoadingIndicator.swift; sourceTree = "<group>"; };
		1ACE5A0228454F5E00A102C1 /* LoadingIndicatorProtocol.swift */ = {isa = PBXFileReference; fileEncoding = 4; lastKnownFileType = sourcecode.swift; path = LoadingIndicatorProtocol.swift; sourceTree = "<group>"; };
		1ACE5A0C2845566000A102C1 /* UnitTestUtils.swift */ = {isa = PBXFileReference; lastKnownFileType = sourcecode.swift; path = UnitTestUtils.swift; sourceTree = "<group>"; };
		1ACE5A0E284557C500A102C1 /* digitalCurrency_eth_usd.json */ = {isa = PBXFileReference; lastKnownFileType = text.json; path = digitalCurrency_eth_usd.json; sourceTree = "<group>"; };
/* End PBXFileReference section */

/* Begin PBXFrameworksBuildPhase section */
		1ACE59AA2844B20900A102C1 /* Frameworks */ = {
			isa = PBXFrameworksBuildPhase;
			buildActionMask = 2147483647;
			files = (
			);
			runOnlyForDeploymentPostprocessing = 0;
		};
		1ACE59C02844B20C00A102C1 /* Frameworks */ = {
			isa = PBXFrameworksBuildPhase;
			buildActionMask = 2147483647;
			files = (
			);
			runOnlyForDeploymentPostprocessing = 0;
		};
		1ACE59CA2844B20C00A102C1 /* Frameworks */ = {
			isa = PBXFrameworksBuildPhase;
			buildActionMask = 2147483647;
			files = (
			);
			runOnlyForDeploymentPostprocessing = 0;
		};
/* End PBXFrameworksBuildPhase section */

/* Begin PBXGroup section */
		1A8B74862847DDF20094FD40 /* Encoding */ = {
			isa = PBXGroup;
			children = (
				1A8B74842847DD7C0094FD40 /* RequestEncodingProtocol.swift */,
				1A8B74872847DE0E0094FD40 /* RequestEncoder.swift */,
			);
			path = Encoding;
			sourceTree = "<group>";
		};
		1A8B748B2849080C0094FD40 /* DetailPage */ = {
			isa = PBXGroup;
			children = (
				1A8B74A7284CE2CD0094FD40 /* Models */,
				1A8B748D284908270094FD40 /* ViewModels */,
				1A8B748C2849081F0094FD40 /* Views */,
			);
			path = DetailPage;
			sourceTree = "<group>";
		};
		1A8B748C2849081F0094FD40 /* Views */ = {
			isa = PBXGroup;
			children = (
				1A8B7491284908900094FD40 /* CryptoDetailVC.swift */,
				1A8B7493284908A40094FD40 /* CryptoDetails.storyboard */,
				1A8B74A0284C93080094FD40 /* CurrencyListDetailsItemTVCell.swift */,
			);
			path = Views;
			sourceTree = "<group>";
		};
		1A8B748D284908270094FD40 /* ViewModels */ = {
			isa = PBXGroup;
			children = (
				1A8B74AD284CE9290094FD40 /* CryptoDetailViewModelProtocol.swift */,
				1A8B748F284908770094FD40 /* CryptoDetailViewModel.swift */,
			);
			path = ViewModels;
			sourceTree = "<group>";
		};
		1A8B749528490FB90094FD40 /* Details */ = {
			isa = PBXGroup;
			children = (
				1A8B749628490FFC0094FD40 /* CryptoDetailsVCTests.swift */,
			);
			path = Details;
			sourceTree = "<group>";
		};
		1A8B7498284915810094FD40 /* Coordinator */ = {
			isa = PBXGroup;
			children = (
				1A8B7499284915BA0094FD40 /* DetailsNavigationCoordinator.swift */,
			);
			path = Coordinator;
			sourceTree = "<group>";
		};
		1A8B74A7284CE2CD0094FD40 /* Models */ = {
			isa = PBXGroup;
			children = (
				1A8B74A8284CE2D90094FD40 /* CurrencyDetailsItem.swift */,
				1A8B74AB284CE90C0094FD40 /* CryptoDetails.swift */,
			);
			path = Models;
			sourceTree = "<group>";
		};
		1ABBC9EC28465EDA0026EFA9 /* Services */ = {
			isa = PBXGroup;
			children = (
				1ABBC9ED28465EEC0026EFA9 /* HomeNetworkService.swift */,
			);
			path = Services;
			sourceTree = "<group>";
		};
		1ACE59A42844B20900A102C1 = {
			isa = PBXGroup;
			children = (
				1ACE59AF2844B20900A102C1 /* Hi */,
				1ACE59C62844B20C00A102C1 /* HiTests */,
				1ACE59D02844B20C00A102C1 /* HiUITests */,
				1ACE59AE2844B20900A102C1 /* Products */,
			);
			sourceTree = "<group>";
		};
		1ACE59AE2844B20900A102C1 /* Products */ = {
			isa = PBXGroup;
			children = (
				1ACE59AD2844B20900A102C1 /* Hi.app */,
				1ACE59C32844B20C00A102C1 /* HiTests.xctest */,
				1ACE59CD2844B20C00A102C1 /* HiUITests.xctest */,
			);
			name = Products;
			sourceTree = "<group>";
		};
		1ACE59AF2844B20900A102C1 /* Hi */ = {
			isa = PBXGroup;
			children = (
				1ACE5A082845525C00A102C1 /* Application */,
				1A8B7498284915810094FD40 /* Coordinator */,
				1ACE59FC28454B4F00A102C1 /* Home */,
				1A8B748B2849080C0094FD40 /* DetailPage */,
				1ACE59E028452B9E00A102C1 /* NetworkLayer */,
				1ACE59FD28454ED200A102C1 /* Utils */,
			);
			path = Hi;
			sourceTree = "<group>";
		};
		1ACE59C62844B20C00A102C1 /* HiTests */ = {
			isa = PBXGroup;
			children = (
				1ACE5A0B2845564F00A102C1 /* Utils */,
				1ACE59F62845374000A102C1 /* MockNetworkLayer */,
				1ACE59FB28454B2E00A102C1 /* Home */,
				1A8B749528490FB90094FD40 /* Details */,
			);
			path = HiTests;
			sourceTree = "<group>";
		};
		1ACE59D02844B20C00A102C1 /* HiUITests */ = {
			isa = PBXGroup;
			children = (
				1A8B749B28493A3F0094FD40 /* UITestingConstants.swift */,
				1ACE59D12844B20C00A102C1 /* HiUITests.swift */,
			);
			path = HiUITests;
			sourceTree = "<group>";
		};
		1ACE59E028452B9E00A102C1 /* NetworkLayer */ = {
			isa = PBXGroup;
			children = (
				1A8B74862847DDF20094FD40 /* Encoding */,
				1ACE59E628452C4300A102C1 /* Endpoint */,
				1ACE59F2284530F300A102C1 /* Network Logger */,
				1ACE59E128452BAD00A102C1 /* Manager */,
			);
			path = NetworkLayer;
			sourceTree = "<group>";
		};
		1ACE59E128452BAD00A102C1 /* Manager */ = {
			isa = PBXGroup;
			children = (
				1ACE59E228452BCE00A102C1 /* NetworkManagerProtocol.swift */,
				1ACE59E428452BDD00A102C1 /* NetworkManager.swift */,
				1ACE59EF284530D100A102C1 /* NetworkError.swift */,
			);
			path = Manager;
			sourceTree = "<group>";
		};
		1ACE59E628452C4300A102C1 /* Endpoint */ = {
			isa = PBXGroup;
			children = (
				1ACE59E728452C5100A102C1 /* Endpoint.swift */,
				1ACE59EB28452CBB00A102C1 /* HiEndpoint.swift */,
				1ACE59E928452C8200A102C1 /* HttpMethod.swift */,
				1A8B74892847DF480094FD40 /* RequestType.swift */,
			);
			path = Endpoint;
			sourceTree = "<group>";
		};
		1ACE59F2284530F300A102C1 /* Network Logger */ = {
			isa = PBXGroup;
			children = (
				1ACE59F42845315000A102C1 /* NetworkLoggerProtocol.swift */,
				1ACE59ED284530C200A102C1 /* NetworkLogger.swift */,
			);
			path = "Network Logger";
			sourceTree = "<group>";
		};
		1ACE59F62845374000A102C1 /* MockNetworkLayer */ = {
			isa = PBXGroup;
			children = (
				1ACE59F72845376400A102C1 /* MockNetworkManager.swift */,
				1ACE59F82845376400A102C1 /* MockURLProtocol.swift */,
			);
			path = MockNetworkLayer;
			sourceTree = "<group>";
		};
		1ACE59FB28454B2E00A102C1 /* Home */ = {
			isa = PBXGroup;
			children = (
				1ACE59C72844B20C00A102C1 /* HomeViewModelTests.swift */,
				1ACE5A0E284557C500A102C1 /* digitalCurrency_eth_usd.json */,
			);
			path = Home;
			sourceTree = "<group>";
		};
		1ACE59FC28454B4F00A102C1 /* Home */ = {
			isa = PBXGroup;
			children = (
				1ABBC9EC28465EDA0026EFA9 /* Services */,
				1ACE5A05284550FB00A102C1 /* Models */,
				1ACE5A072845512900A102C1 /* Views */,
				1ACE5A062845510700A102C1 /* ViewModels */,
			);
			path = Home;
			sourceTree = "<group>";
		};
		1ACE59FD28454ED200A102C1 /* Utils */ = {
			isa = PBXGroup;
			children = (
				1A8B74A5284CC1C10094FD40 /* AppConstants.swift */,
				1ACE59FE28454EF400A102C1 /* Observable.swift */,
				1ACE5A0028454F5E00A102C1 /* LoadingAnimation */,
			);
			path = Utils;
			sourceTree = "<group>";
		};
		1ACE5A0028454F5E00A102C1 /* LoadingAnimation */ = {
			isa = PBXGroup;
			children = (
				1ACE5A0228454F5E00A102C1 /* LoadingIndicatorProtocol.swift */,
				1ACE5A0128454F5E00A102C1 /* DotsLoadingIndicator.swift */,
			);
			path = LoadingAnimation;
			sourceTree = "<group>";
		};
		1ACE5A05284550FB00A102C1 /* Models */ = {
			isa = PBXGroup;
			children = (
				1ABBC9F1284663170026EFA9 /* DigitalCurrencyMetadata.swift */,
			);
			path = Models;
			sourceTree = "<group>";
		};
		1ACE5A062845510700A102C1 /* ViewModels */ = {
			isa = PBXGroup;
			children = (
				1A8B74AF284CEB250094FD40 /* HomeViewModelProtocol.swift */,
				1ABBC9EF2846617D0026EFA9 /* HomeViewModel.swift */,
				1A8B74B1284CECAE0094FD40 /* CurrencyHistorySorting.swift */,
			);
			path = ViewModels;
			sourceTree = "<group>";
		};
		1ACE5A072845512900A102C1 /* Views */ = {
			isa = PBXGroup;
			children = (
				1ACE59B42844B20900A102C1 /* HomeViewController.swift */,
				1ACE59B62844B20900A102C1 /* Home.storyboard */,
				1ABBC9F328466C290026EFA9 /* HomeCurrencyListTVCell.swift */,
			);
			path = Views;
			sourceTree = "<group>";
		};
		1ACE5A082845525C00A102C1 /* Application */ = {
			isa = PBXGroup;
			children = (
				1ACE59B02844B20900A102C1 /* AppDelegate.swift */,
				1ACE59B22844B20900A102C1 /* SceneDelegate.swift */,
				1ACE59B92844B20C00A102C1 /* Assets.xcassets */,
				1ACE59BB2844B20C00A102C1 /* LaunchScreen.storyboard */,
				1ACE59BE2844B20C00A102C1 /* Info.plist */,
			);
			path = Application;
			sourceTree = "<group>";
		};
		1ACE5A0B2845564F00A102C1 /* Utils */ = {
			isa = PBXGroup;
			children = (
				1ACE5A0C2845566000A102C1 /* UnitTestUtils.swift */,
			);
			path = Utils;
			sourceTree = "<group>";
		};
/* End PBXGroup section */

/* Begin PBXNativeTarget section */
		1ACE59AC2844B20900A102C1 /* Hi */ = {
			isa = PBXNativeTarget;
			buildConfigurationList = 1ACE59D72844B20C00A102C1 /* Build configuration list for PBXNativeTarget "Hi" */;
			buildPhases = (
				1A8B74AA284CE47D0094FD40 /* SwiftLint Run Script */,
				1ACE59A92844B20900A102C1 /* Sources */,
				1ACE59AA2844B20900A102C1 /* Frameworks */,
				1ACE59AB2844B20900A102C1 /* Resources */,
			);
			buildRules = (
			);
			dependencies = (
			);
			name = Hi;
			productName = Hi;
			productReference = 1ACE59AD2844B20900A102C1 /* Hi.app */;
			productType = "com.apple.product-type.application";
		};
		1ACE59C22844B20C00A102C1 /* HiTests */ = {
			isa = PBXNativeTarget;
			buildConfigurationList = 1ACE59DA2844B20C00A102C1 /* Build configuration list for PBXNativeTarget "HiTests" */;
			buildPhases = (
				1ACE59BF2844B20C00A102C1 /* Sources */,
				1ACE59C02844B20C00A102C1 /* Frameworks */,
				1ACE59C12844B20C00A102C1 /* Resources */,
			);
			buildRules = (
			);
			dependencies = (
				1ACE59C52844B20C00A102C1 /* PBXTargetDependency */,
			);
			name = HiTests;
			productName = HiTests;
			productReference = 1ACE59C32844B20C00A102C1 /* HiTests.xctest */;
			productType = "com.apple.product-type.bundle.unit-test";
		};
		1ACE59CC2844B20C00A102C1 /* HiUITests */ = {
			isa = PBXNativeTarget;
			buildConfigurationList = 1ACE59DD2844B20C00A102C1 /* Build configuration list for PBXNativeTarget "HiUITests" */;
			buildPhases = (
				1ACE59C92844B20C00A102C1 /* Sources */,
				1ACE59CA2844B20C00A102C1 /* Frameworks */,
				1ACE59CB2844B20C00A102C1 /* Resources */,
			);
			buildRules = (
			);
			dependencies = (
				1ACE59CF2844B20C00A102C1 /* PBXTargetDependency */,
			);
			name = HiUITests;
			productName = HiUITests;
			productReference = 1ACE59CD2844B20C00A102C1 /* HiUITests.xctest */;
			productType = "com.apple.product-type.bundle.ui-testing";
		};
/* End PBXNativeTarget section */

/* Begin PBXProject section */
		1ACE59A52844B20900A102C1 /* Project object */ = {
			isa = PBXProject;
			attributes = {
				BuildIndependentTargetsInParallel = 1;
				LastSwiftUpdateCheck = 1300;
				LastUpgradeCheck = 1300;
				TargetAttributes = {
					1ACE59AC2844B20900A102C1 = {
						CreatedOnToolsVersion = 13.0;
					};
					1ACE59C22844B20C00A102C1 = {
						CreatedOnToolsVersion = 13.0;
						TestTargetID = 1ACE59AC2844B20900A102C1;
					};
					1ACE59CC2844B20C00A102C1 = {
						CreatedOnToolsVersion = 13.0;
						TestTargetID = 1ACE59AC2844B20900A102C1;
					};
				};
			};
			buildConfigurationList = 1ACE59A82844B20900A102C1 /* Build configuration list for PBXProject "Hi" */;
			compatibilityVersion = "Xcode 13.0";
			developmentRegion = en;
			hasScannedForEncodings = 0;
			knownRegions = (
				en,
				Base,
			);
			mainGroup = 1ACE59A42844B20900A102C1;
			productRefGroup = 1ACE59AE2844B20900A102C1 /* Products */;
			projectDirPath = "";
			projectRoot = "";
			targets = (
				1ACE59AC2844B20900A102C1 /* Hi */,
				1ACE59C22844B20C00A102C1 /* HiTests */,
				1ACE59CC2844B20C00A102C1 /* HiUITests */,
			);
		};
/* End PBXProject section */

/* Begin PBXResourcesBuildPhase section */
		1ACE59AB2844B20900A102C1 /* Resources */ = {
			isa = PBXResourcesBuildPhase;
			buildActionMask = 2147483647;
			files = (
				1ABBC9F728469C810026EFA9 /* digitalCurrency_eth_usd.json in Resources */,
				1ACE59BD2844B20C00A102C1 /* LaunchScreen.storyboard in Resources */,
				1A8B7494284908A40094FD40 /* CryptoDetails.storyboard in Resources */,
				1ACE59BA2844B20C00A102C1 /* Assets.xcassets in Resources */,
				1ACE59B82844B20900A102C1 /* Home.storyboard in Resources */,
			);
			runOnlyForDeploymentPostprocessing = 0;
		};
		1ACE59C12844B20C00A102C1 /* Resources */ = {
			isa = PBXResourcesBuildPhase;
			buildActionMask = 2147483647;
			files = (
				1ACE5A0F284557C500A102C1 /* digitalCurrency_eth_usd.json in Resources */,
			);
			runOnlyForDeploymentPostprocessing = 0;
		};
		1ACE59CB2844B20C00A102C1 /* Resources */ = {
			isa = PBXResourcesBuildPhase;
			buildActionMask = 2147483647;
			files = (
			);
			runOnlyForDeploymentPostprocessing = 0;
		};
/* End PBXResourcesBuildPhase section */

/* Begin PBXShellScriptBuildPhase section */
		1A8B74AA284CE47D0094FD40 /* SwiftLint Run Script */ = {
			isa = PBXShellScriptBuildPhase;
			buildActionMask = 2147483647;
			files = (
			);
			inputFileListPaths = (
			);
			inputPaths = (
			);
			name = "SwiftLint Run Script";
			outputFileListPaths = (
			);
			outputPaths = (
			);
			runOnlyForDeploymentPostprocessing = 0;
			shellPath = /bin/sh;
			shellScript = "# Type a script or drag a script file from your workspace to insert its path.\nif which swiftlint >/dev/null; then\n  swiftlint autocorrect && swiftlint # when we want to autocorrect as well.\n  #swiftlint # when we do not want autocorrect\nelse\n  echo \"warning: SwiftLint not installed, download from https://github.com/realm/SwiftLint\"\nfi\n";
		};
/* End PBXShellScriptBuildPhase section */

/* Begin PBXSourcesBuildPhase section */
		1ACE59A92844B20900A102C1 /* Sources */ = {
			isa = PBXSourcesBuildPhase;
			buildActionMask = 2147483647;
			files = (
				1A8B749D28493EE30094FD40 /* UITestingConstants.swift in Sources */,
				1ACE59B52844B20900A102C1 /* HomeViewController.swift in Sources */,
				1ACE59B12844B20900A102C1 /* AppDelegate.swift in Sources */,
				1ACE5A0428454F5E00A102C1 /* LoadingIndicatorProtocol.swift in Sources */,
				1ABBC9F02846617D0026EFA9 /* HomeViewModel.swift in Sources */,
				1ABBC9EE28465EEC0026EFA9 /* HomeNetworkService.swift in Sources */,
				1ACE59E528452BDD00A102C1 /* NetworkManager.swift in Sources */,
				1A8B74B0284CEB250094FD40 /* HomeViewModelProtocol.swift in Sources */,
				1A8B7490284908770094FD40 /* CryptoDetailViewModel.swift in Sources */,
				1ABBC9F828469C980026EFA9 /* UnitTestUtils.swift in Sources */,
				1ACE5A0328454F5E00A102C1 /* DotsLoadingIndicator.swift in Sources */,
				1ABBC9F628469C770026EFA9 /* MockURLProtocol.swift in Sources */,
				1A8B7492284908900094FD40 /* CryptoDetailVC.swift in Sources */,
				1ACE59EA28452C8200A102C1 /* HttpMethod.swift in Sources */,
				1A8B74B2284CECAE0094FD40 /* CurrencyHistorySorting.swift in Sources */,
				1ABBC9F528469C720026EFA9 /* MockNetworkManager.swift in Sources */,
				1A8B74882847DE0E0094FD40 /* RequestEncoder.swift in Sources */,
				1A8B74A1284C93080094FD40 /* CurrencyListDetailsItemTVCell.swift in Sources */,
				1ACE59FF28454EF400A102C1 /* Observable.swift in Sources */,
				1ACE59E328452BCE00A102C1 /* NetworkManagerProtocol.swift in Sources */,
				1A8B74A9284CE2D90094FD40 /* CurrencyDetailsItem.swift in Sources */,
				1ACE59EC28452CBB00A102C1 /* HiEndpoint.swift in Sources */,
				1A8B74A6284CC1C10094FD40 /* AppConstants.swift in Sources */,
				1A8B74AC284CE90C0094FD40 /* CryptoDetails.swift in Sources */,
				1ABBC9F428466C290026EFA9 /* HomeCurrencyListTVCell.swift in Sources */,
				1A8B749A284915BA0094FD40 /* DetailsNavigationCoordinator.swift in Sources */,
				1ACE59EE284530C200A102C1 /* NetworkLogger.swift in Sources */,
				1ACE59E828452C5100A102C1 /* Endpoint.swift in Sources */,
				1ABBC9F2284663170026EFA9 /* DigitalCurrencyMetadata.swift in Sources */,
				1A8B74852847DD7C0094FD40 /* RequestEncodingProtocol.swift in Sources */,
				1ACE59F52845315000A102C1 /* NetworkLoggerProtocol.swift in Sources */,
				1ACE59B32844B20900A102C1 /* SceneDelegate.swift in Sources */,
				1A8B74AE284CE9290094FD40 /* CryptoDetailViewModelProtocol.swift in Sources */,
				1ACE59F0284530D100A102C1 /* NetworkError.swift in Sources */,
				1A8B748A2847DF480094FD40 /* RequestType.swift in Sources */,
			);
			runOnlyForDeploymentPostprocessing = 0;
		};
		1ACE59BF2844B20C00A102C1 /* Sources */ = {
			isa = PBXSourcesBuildPhase;
			buildActionMask = 2147483647;
			files = (
				1ACE59FA2845376400A102C1 /* MockURLProtocol.swift in Sources */,
				1ACE59F92845376400A102C1 /* MockNetworkManager.swift in Sources */,
				1ACE59C82844B20C00A102C1 /* HomeViewModelTests.swift in Sources */,
				1ACE5A0D2845566000A102C1 /* UnitTestUtils.swift in Sources */,
				1A8B749728490FFC0094FD40 /* CryptoDetailsVCTests.swift in Sources */,
			);
			runOnlyForDeploymentPostprocessing = 0;
		};
		1ACE59C92844B20C00A102C1 /* Sources */ = {
			isa = PBXSourcesBuildPhase;
			buildActionMask = 2147483647;
			files = (
				1ACE59D22844B20C00A102C1 /* HiUITests.swift in Sources */,
				1A8B749C28493A3F0094FD40 /* UITestingConstants.swift in Sources */,
			);
			runOnlyForDeploymentPostprocessing = 0;
		};
/* End PBXSourcesBuildPhase section */

/* Begin PBXTargetDependency section */
		1ACE59C52844B20C00A102C1 /* PBXTargetDependency */ = {
			isa = PBXTargetDependency;
			target = 1ACE59AC2844B20900A102C1 /* Hi */;
			targetProxy = 1ACE59C42844B20C00A102C1 /* PBXContainerItemProxy */;
		};
		1ACE59CF2844B20C00A102C1 /* PBXTargetDependency */ = {
			isa = PBXTargetDependency;
			target = 1ACE59AC2844B20900A102C1 /* Hi */;
			targetProxy = 1ACE59CE2844B20C00A102C1 /* PBXContainerItemProxy */;
		};
/* End PBXTargetDependency section */

/* Begin PBXVariantGroup section */
		1ACE59B62844B20900A102C1 /* Home.storyboard */ = {
			isa = PBXVariantGroup;
			children = (
				1ACE59B72844B20900A102C1 /* Base */,
			);
			name = Home.storyboard;
			sourceTree = "<group>";
		};
		1ACE59BB2844B20C00A102C1 /* LaunchScreen.storyboard */ = {
			isa = PBXVariantGroup;
			children = (
				1ACE59BC2844B20C00A102C1 /* Base */,
			);
			name = LaunchScreen.storyboard;
			sourceTree = "<group>";
		};
/* End PBXVariantGroup section */

/* Begin XCBuildConfiguration section */
		1ACE59D52844B20C00A102C1 /* Debug */ = {
			isa = XCBuildConfiguration;
			buildSettings = {
				ALWAYS_SEARCH_USER_PATHS = NO;
				CLANG_ANALYZER_NONNULL = YES;
				CLANG_ANALYZER_NUMBER_OBJECT_CONVERSION = YES_AGGRESSIVE;
				CLANG_CXX_LANGUAGE_STANDARD = "gnu++17";
				CLANG_CXX_LIBRARY = "libc++";
				CLANG_ENABLE_MODULES = YES;
				CLANG_ENABLE_OBJC_ARC = YES;
				CLANG_ENABLE_OBJC_WEAK = YES;
				CLANG_WARN_BLOCK_CAPTURE_AUTORELEASING = YES;
				CLANG_WARN_BOOL_CONVERSION = YES;
				CLANG_WARN_COMMA = YES;
				CLANG_WARN_CONSTANT_CONVERSION = YES;
				CLANG_WARN_DEPRECATED_OBJC_IMPLEMENTATIONS = YES;
				CLANG_WARN_DIRECT_OBJC_ISA_USAGE = YES_ERROR;
				CLANG_WARN_DOCUMENTATION_COMMENTS = YES;
				CLANG_WARN_EMPTY_BODY = YES;
				CLANG_WARN_ENUM_CONVERSION = YES;
				CLANG_WARN_INFINITE_RECURSION = YES;
				CLANG_WARN_INT_CONVERSION = YES;
				CLANG_WARN_NON_LITERAL_NULL_CONVERSION = YES;
				CLANG_WARN_OBJC_IMPLICIT_RETAIN_SELF = YES;
				CLANG_WARN_OBJC_LITERAL_CONVERSION = YES;
				CLANG_WARN_OBJC_ROOT_CLASS = YES_ERROR;
				CLANG_WARN_QUOTED_INCLUDE_IN_FRAMEWORK_HEADER = YES;
				CLANG_WARN_RANGE_LOOP_ANALYSIS = YES;
				CLANG_WARN_STRICT_PROTOTYPES = YES;
				CLANG_WARN_SUSPICIOUS_MOVE = YES;
				CLANG_WARN_UNGUARDED_AVAILABILITY = YES_AGGRESSIVE;
				CLANG_WARN_UNREACHABLE_CODE = YES;
				CLANG_WARN__DUPLICATE_METHOD_MATCH = YES;
				COPY_PHASE_STRIP = NO;
				DEBUG_INFORMATION_FORMAT = dwarf;
				ENABLE_STRICT_OBJC_MSGSEND = YES;
				ENABLE_TESTABILITY = YES;
				GCC_C_LANGUAGE_STANDARD = gnu11;
				GCC_DYNAMIC_NO_PIC = NO;
				GCC_NO_COMMON_BLOCKS = YES;
				GCC_OPTIMIZATION_LEVEL = 0;
				GCC_PREPROCESSOR_DEFINITIONS = (
					"DEBUG=1",
					"$(inherited)",
				);
				GCC_WARN_64_TO_32_BIT_CONVERSION = YES;
				GCC_WARN_ABOUT_RETURN_TYPE = YES_ERROR;
				GCC_WARN_UNDECLARED_SELECTOR = YES;
				GCC_WARN_UNINITIALIZED_AUTOS = YES_AGGRESSIVE;
				GCC_WARN_UNUSED_FUNCTION = YES;
				GCC_WARN_UNUSED_VARIABLE = YES;
				IPHONEOS_DEPLOYMENT_TARGET = 15.0;
				MTL_ENABLE_DEBUG_INFO = INCLUDE_SOURCE;
				MTL_FAST_MATH = YES;
				ONLY_ACTIVE_ARCH = YES;
				SDKROOT = iphoneos;
				SWIFT_ACTIVE_COMPILATION_CONDITIONS = DEBUG;
				SWIFT_OPTIMIZATION_LEVEL = "-Onone";
			};
			name = Debug;
		};
		1ACE59D62844B20C00A102C1 /* Release */ = {
			isa = XCBuildConfiguration;
			buildSettings = {
				ALWAYS_SEARCH_USER_PATHS = NO;
				CLANG_ANALYZER_NONNULL = YES;
				CLANG_ANALYZER_NUMBER_OBJECT_CONVERSION = YES_AGGRESSIVE;
				CLANG_CXX_LANGUAGE_STANDARD = "gnu++17";
				CLANG_CXX_LIBRARY = "libc++";
				CLANG_ENABLE_MODULES = YES;
				CLANG_ENABLE_OBJC_ARC = YES;
				CLANG_ENABLE_OBJC_WEAK = YES;
				CLANG_WARN_BLOCK_CAPTURE_AUTORELEASING = YES;
				CLANG_WARN_BOOL_CONVERSION = YES;
				CLANG_WARN_COMMA = YES;
				CLANG_WARN_CONSTANT_CONVERSION = YES;
				CLANG_WARN_DEPRECATED_OBJC_IMPLEMENTATIONS = YES;
				CLANG_WARN_DIRECT_OBJC_ISA_USAGE = YES_ERROR;
				CLANG_WARN_DOCUMENTATION_COMMENTS = YES;
				CLANG_WARN_EMPTY_BODY = YES;
				CLANG_WARN_ENUM_CONVERSION = YES;
				CLANG_WARN_INFINITE_RECURSION = YES;
				CLANG_WARN_INT_CONVERSION = YES;
				CLANG_WARN_NON_LITERAL_NULL_CONVERSION = YES;
				CLANG_WARN_OBJC_IMPLICIT_RETAIN_SELF = YES;
				CLANG_WARN_OBJC_LITERAL_CONVERSION = YES;
				CLANG_WARN_OBJC_ROOT_CLASS = YES_ERROR;
				CLANG_WARN_QUOTED_INCLUDE_IN_FRAMEWORK_HEADER = YES;
				CLANG_WARN_RANGE_LOOP_ANALYSIS = YES;
				CLANG_WARN_STRICT_PROTOTYPES = YES;
				CLANG_WARN_SUSPICIOUS_MOVE = YES;
				CLANG_WARN_UNGUARDED_AVAILABILITY = YES_AGGRESSIVE;
				CLANG_WARN_UNREACHABLE_CODE = YES;
				CLANG_WARN__DUPLICATE_METHOD_MATCH = YES;
				COPY_PHASE_STRIP = NO;
				DEBUG_INFORMATION_FORMAT = "dwarf-with-dsym";
				ENABLE_NS_ASSERTIONS = NO;
				ENABLE_STRICT_OBJC_MSGSEND = YES;
				GCC_C_LANGUAGE_STANDARD = gnu11;
				GCC_NO_COMMON_BLOCKS = YES;
				GCC_WARN_64_TO_32_BIT_CONVERSION = YES;
				GCC_WARN_ABOUT_RETURN_TYPE = YES_ERROR;
				GCC_WARN_UNDECLARED_SELECTOR = YES;
				GCC_WARN_UNINITIALIZED_AUTOS = YES_AGGRESSIVE;
				GCC_WARN_UNUSED_FUNCTION = YES;
				GCC_WARN_UNUSED_VARIABLE = YES;
				IPHONEOS_DEPLOYMENT_TARGET = 15.0;
				MTL_ENABLE_DEBUG_INFO = NO;
				MTL_FAST_MATH = YES;
				SDKROOT = iphoneos;
				SWIFT_COMPILATION_MODE = wholemodule;
				SWIFT_OPTIMIZATION_LEVEL = "-O";
				VALIDATE_PRODUCT = YES;
			};
			name = Release;
		};
		1ACE59D82844B20C00A102C1 /* Debug */ = {
			isa = XCBuildConfiguration;
			buildSettings = {
				ASSETCATALOG_COMPILER_APPICON_NAME = AppIcon;
				ASSETCATALOG_COMPILER_GLOBAL_ACCENT_COLOR_NAME = AccentColor;
				CODE_SIGN_STYLE = Automatic;
				CURRENT_PROJECT_VERSION = 1;
				GENERATE_INFOPLIST_FILE = YES;
				INFOPLIST_FILE = Hi/Application/Info.plist;
				INFOPLIST_KEY_UIApplicationSupportsIndirectInputEvents = YES;
				INFOPLIST_KEY_UILaunchStoryboardName = LaunchScreen;
				INFOPLIST_KEY_UISupportedInterfaceOrientations_iPad = "UIInterfaceOrientationPortrait UIInterfaceOrientationPortraitUpsideDown UIInterfaceOrientationLandscapeLeft UIInterfaceOrientationLandscapeRight";
				INFOPLIST_KEY_UISupportedInterfaceOrientations_iPhone = "UIInterfaceOrientationPortrait UIInterfaceOrientationLandscapeLeft UIInterfaceOrientationLandscapeRight";
				LD_RUNPATH_SEARCH_PATHS = (
					"$(inherited)",
					"@executable_path/Frameworks",
				);
				MARKETING_VERSION = 1.0;
				PRODUCT_BUNDLE_IDENTIFIER = com.haiga.Hi;
				PRODUCT_NAME = "$(TARGET_NAME)";
				SWIFT_EMIT_LOC_STRINGS = YES;
				SWIFT_VERSION = 5.0;
				TARGETED_DEVICE_FAMILY = "1,2";
			};
			name = Debug;
		};
		1ACE59D92844B20C00A102C1 /* Release */ = {
			isa = XCBuildConfiguration;
			buildSettings = {
				ASSETCATALOG_COMPILER_APPICON_NAME = AppIcon;
				ASSETCATALOG_COMPILER_GLOBAL_ACCENT_COLOR_NAME = AccentColor;
				CODE_SIGN_STYLE = Automatic;
				CURRENT_PROJECT_VERSION = 1;
				GENERATE_INFOPLIST_FILE = YES;
				INFOPLIST_FILE = Hi/Application/Info.plist;
				INFOPLIST_KEY_UIApplicationSupportsIndirectInputEvents = YES;
				INFOPLIST_KEY_UILaunchStoryboardName = LaunchScreen;
				INFOPLIST_KEY_UISupportedInterfaceOrientations_iPad = "UIInterfaceOrientationPortrait UIInterfaceOrientationPortraitUpsideDown UIInterfaceOrientationLandscapeLeft UIInterfaceOrientationLandscapeRight";
				INFOPLIST_KEY_UISupportedInterfaceOrientations_iPhone = "UIInterfaceOrientationPortrait UIInterfaceOrientationLandscapeLeft UIInterfaceOrientationLandscapeRight";
				LD_RUNPATH_SEARCH_PATHS = (
					"$(inherited)",
					"@executable_path/Frameworks",
				);
				MARKETING_VERSION = 1.0;
				PRODUCT_BUNDLE_IDENTIFIER = com.haiga.Hi;
				PRODUCT_NAME = "$(TARGET_NAME)";
				SWIFT_EMIT_LOC_STRINGS = YES;
				SWIFT_VERSION = 5.0;
				TARGETED_DEVICE_FAMILY = "1,2";
			};
			name = Release;
		};
		1ACE59DB2844B20C00A102C1 /* Debug */ = {
			isa = XCBuildConfiguration;
			buildSettings = {
				ALWAYS_EMBED_SWIFT_STANDARD_LIBRARIES = YES;
				BUNDLE_LOADER = "$(TEST_HOST)";
				CODE_SIGN_STYLE = Automatic;
				CURRENT_PROJECT_VERSION = 1;
				GENERATE_INFOPLIST_FILE = YES;
				IPHONEOS_DEPLOYMENT_TARGET = 15.0;
				LD_RUNPATH_SEARCH_PATHS = (
					"$(inherited)",
					"@executable_path/Frameworks",
					"@loader_path/Frameworks",
				);
				MARKETING_VERSION = 1.0;
				PRODUCT_BUNDLE_IDENTIFIER = com.haiga.HiTests;
				PRODUCT_NAME = "$(TARGET_NAME)";
				SWIFT_EMIT_LOC_STRINGS = NO;
				SWIFT_VERSION = 5.0;
				TARGETED_DEVICE_FAMILY = "1,2";
				TEST_HOST = "$(BUILT_PRODUCTS_DIR)/Hi.app/Hi";
			};
			name = Debug;
		};
		1ACE59DC2844B20C00A102C1 /* Release */ = {
			isa = XCBuildConfiguration;
			buildSettings = {
				ALWAYS_EMBED_SWIFT_STANDARD_LIBRARIES = YES;
				BUNDLE_LOADER = "$(TEST_HOST)";
				CODE_SIGN_STYLE = Automatic;
				CURRENT_PROJECT_VERSION = 1;
				GENERATE_INFOPLIST_FILE = YES;
				IPHONEOS_DEPLOYMENT_TARGET = 15.0;
				LD_RUNPATH_SEARCH_PATHS = (
					"$(inherited)",
					"@executable_path/Frameworks",
					"@loader_path/Frameworks",
				);
				MARKETING_VERSION = 1.0;
				PRODUCT_BUNDLE_IDENTIFIER = com.haiga.HiTests;
				PRODUCT_NAME = "$(TARGET_NAME)";
				SWIFT_EMIT_LOC_STRINGS = NO;
				SWIFT_VERSION = 5.0;
				TARGETED_DEVICE_FAMILY = "1,2";
				TEST_HOST = "$(BUILT_PRODUCTS_DIR)/Hi.app/Hi";
			};
			name = Release;
		};
		1ACE59DE2844B20C00A102C1 /* Debug */ = {
			isa = XCBuildConfiguration;
			buildSettings = {
				ALWAYS_EMBED_SWIFT_STANDARD_LIBRARIES = YES;
				CODE_SIGN_STYLE = Automatic;
				CURRENT_PROJECT_VERSION = 1;
				GENERATE_INFOPLIST_FILE = YES;
				LD_RUNPATH_SEARCH_PATHS = (
					"$(inherited)",
					"@executable_path/Frameworks",
					"@loader_path/Frameworks",
				);
				MARKETING_VERSION = 1.0;
				PRODUCT_BUNDLE_IDENTIFIER = com.haiga.HiUITests;
				PRODUCT_NAME = "$(TARGET_NAME)";
				SWIFT_EMIT_LOC_STRINGS = NO;
				SWIFT_VERSION = 5.0;
				TARGETED_DEVICE_FAMILY = "1,2";
				TEST_TARGET_NAME = Hi;
			};
			name = Debug;
		};
		1ACE59DF2844B20C00A102C1 /* Release */ = {
			isa = XCBuildConfiguration;
			buildSettings = {
				ALWAYS_EMBED_SWIFT_STANDARD_LIBRARIES = YES;
				CODE_SIGN_STYLE = Automatic;
				CURRENT_PROJECT_VERSION = 1;
				GENERATE_INFOPLIST_FILE = YES;
				LD_RUNPATH_SEARCH_PATHS = (
					"$(inherited)",
					"@executable_path/Frameworks",
					"@loader_path/Frameworks",
				);
				MARKETING_VERSION = 1.0;
				PRODUCT_BUNDLE_IDENTIFIER = com.haiga.HiUITests;
				PRODUCT_NAME = "$(TARGET_NAME)";
				SWIFT_EMIT_LOC_STRINGS = NO;
				SWIFT_VERSION = 5.0;
				TARGETED_DEVICE_FAMILY = "1,2";
				TEST_TARGET_NAME = Hi;
			};
			name = Release;
		};
/* End XCBuildConfiguration section */

/* Begin XCConfigurationList section */
		1ACE59A82844B20900A102C1 /* Build configuration list for PBXProject "Hi" */ = {
			isa = XCConfigurationList;
			buildConfigurations = (
				1ACE59D52844B20C00A102C1 /* Debug */,
				1ACE59D62844B20C00A102C1 /* Release */,
			);
			defaultConfigurationIsVisible = 0;
			defaultConfigurationName = Release;
		};
		1ACE59D72844B20C00A102C1 /* Build configuration list for PBXNativeTarget "Hi" */ = {
			isa = XCConfigurationList;
			buildConfigurations = (
				1ACE59D82844B20C00A102C1 /* Debug */,
				1ACE59D92844B20C00A102C1 /* Release */,
			);
			defaultConfigurationIsVisible = 0;
			defaultConfigurationName = Release;
		};
		1ACE59DA2844B20C00A102C1 /* Build configuration list for PBXNativeTarget "HiTests" */ = {
			isa = XCConfigurationList;
			buildConfigurations = (
				1ACE59DB2844B20C00A102C1 /* Debug */,
				1ACE59DC2844B20C00A102C1 /* Release */,
			);
			defaultConfigurationIsVisible = 0;
			defaultConfigurationName = Release;
		};
		1ACE59DD2844B20C00A102C1 /* Build configuration list for PBXNativeTarget "HiUITests" */ = {
			isa = XCConfigurationList;
			buildConfigurations = (
				1ACE59DE2844B20C00A102C1 /* Debug */,
				1ACE59DF2844B20C00A102C1 /* Release */,
			);
			defaultConfigurationIsVisible = 0;
			defaultConfigurationName = Release;
		};
/* End XCConfigurationList section */
	};
	rootObject = 1ACE59A52844B20900A102C1 /* Project object */;
}
